<Project xmlns="http://schemas.microsoft.com/developer/msbuild/2003">
  <PropertyGroup>
    <ProjectGuid>{815c8015-6bbe-42da-95c1-070c545d5de9}</ProjectGuid>
    <MainSource>ProjetoEscolaTests.dpr</MainSource>
    <Configuration Condition=" '$(Configuration)' == '' ">Debug</Configuration>
    <Platform Condition=" '$(Platform)' == '' ">AnyCPU</Platform>
    <DCC_DCCCompiler>DCC32</DCC_DCCCompiler>
    <DCC_DependencyCheckOutputName>ProjetoEscolaTests.exe</DCC_DependencyCheckOutputName>
  </PropertyGroup>
  <PropertyGroup Condition=" '$(Configuration)|$(Platform)' == 'Release|AnyCPU' ">
    <Version>7.0</Version>
    <DCC_DebugInformation>False</DCC_DebugInformation>
    <DCC_LocalDebugSymbols>False</DCC_LocalDebugSymbols>
    <DCC_SymbolReferenceInfo>0</DCC_SymbolReferenceInfo>
    <DCC_Define>RELEASE</DCC_Define>
  </PropertyGroup>
  <PropertyGroup Condition=" '$(Configuration)|$(Platform)' == 'Debug|AnyCPU' ">
    <Version>7.0</Version>
    <DCC_Define>DEBUG;_CONSOLE_TESTRUNNER</DCC_Define>
    <DCC_UnitSearchPath>;$(BDS)\Source\DUnit\src</DCC_UnitSearchPath>
    <DCC_ResourcePath>;$(BDS)\Source\DUnit\src</DCC_ResourcePath>
    <DCC_ObjPath>;$(BDS)\Source\DUnit\src</DCC_ObjPath>
    <DCC_IncludePath>;$(BDS)\Source\DUnit\src</DCC_IncludePath>
  </PropertyGroup>
  <ProjectExtensions>
    <Borland.Personality>Delphi.Personality</Borland.Personality>
    <Borland.ProjectType />
    <BorlandProject>
<BorlandProject><Delphi.Personality><Parameters><Parameters Name="UseLauncher">False</Parameters><Parameters Name="LoadAllSymbols">True</Parameters><Parameters Name="LoadUnspecifiedSymbols">False</Parameters></Parameters><VersionInfo><VersionInfo Name="IncludeVerInfo">False</VersionInfo><VersionInfo Name="AutoIncBuild">False</VersionInfo><VersionInfo Name="MajorVer">1</VersionInfo><VersionInfo Name="MinorVer">0</VersionInfo><VersionInfo Name="Release">0</VersionInfo><VersionInfo Name="Build">0</VersionInfo><VersionInfo Name="Debug">False</VersionInfo><VersionInfo Name="PreRelease">False</VersionInfo><VersionInfo Name="Special">False</VersionInfo><VersionInfo Name="Private">False</VersionInfo><VersionInfo Name="DLL">False</VersionInfo><VersionInfo Name="Locale">1046</VersionInfo><VersionInfo Name="CodePage">1252</VersionInfo></VersionInfo><VersionInfoKeys><VersionInfoKeys Name="CompanyName"></VersionInfoKeys><VersionInfoKeys Name="FileDescription"></VersionInfoKeys><VersionInfoKeys Name="FileVersion">1.0.0.0</VersionInfoKeys><VersionInfoKeys Name="InternalName"></VersionInfoKeys><VersionInfoKeys Name="LegalCopyright"></VersionInfoKeys><VersionInfoKeys Name="LegalTrademarks"></VersionInfoKeys><VersionInfoKeys Name="OriginalFilename"></VersionInfoKeys><VersionInfoKeys Name="ProductName"></VersionInfoKeys><VersionInfoKeys Name="ProductVersion">1.0.0.0</VersionInfoKeys><VersionInfoKeys Name="Comments"></VersionInfoKeys></VersionInfoKeys><Source><Source Name="MainSource">ProjetoEscolaTests.dpr</Source></Source></Delphi.Personality><UnitTesting><TestFramework>DUnit / Delphi Win32</TestFramework><TestRunner>GUI</TestRunner></UnitTesting></BorlandProject></BorlandProject>
  </ProjectExtensions>
  <Import Project="$(MSBuildBinPath)\Borland.Delphi.Targets" />
  <Import Project="$(MSBuildBinPath)\Borland.Delphi.Targets" />
  <ItemGroup>
    <DelphiCompile Include="ProjetoEscolaTests.dpr">
      <MainSource>MainSource</MainSource>
    </DelphiCompile>
    <DCCReference Include="..\Controller\u.pas'">
      <Form>$R *.RES</Form>
    </DCCReference>
    <DCCReference Include="..\Controller\uA.pas'">
      <Form>$R *.RES</Form>
    </DCCReference>
    <DCCReference Include="..\Controller\uAl.pas'">
      <Form>$R *.RES</Form>
    </DCCReference>
    <DCCReference Include="..\Controller\uAlu.pas'">
      <Form>$R *.RES</Form>
    </DCCReference>
    <DCCReference Include="..\Controller\uAlun.pas'">
      <Form>$R *.RES</Form>
    </DCCReference>
    <DCCReference Include="..\Controller\uAluno.pas'">
      <Form>$R *.RES</Form>
    </DCCReference>
    <DCCReference Include="..\Controller\uAlunoC.pas'">
      <Form>$R *.RES</Form>
    </DCCReference>
    <DCCReference Include="..\Controller\uAlunoCo.pas'">
      <Form>$R *.RES</Form>
    </DCCReference>
    <DCCReference Include="..\Controller\uAlunoCon.pas'">
      <Form>$R *.RES</Form>
    </DCCReference>
    <DCCReference Include="..\Controller\uAlunoCont.pas'">
      <Form>$R *.RES</Form>
    </DCCReference>
    <DCCReference Include="..\Controller\uAlunoContr.pas'">
      <Form>$R *.RES</Form>
    </DCCReference>
    <DCCReference Include="..\Controller\uAlunoContro.pas'">
      <Form>$R *.RES</Form>
    </DCCReference>
    <DCCReference Include="..\Controller\uAlunoControl.pas'">
      <Form>$R *.RES</Form>
    </DCCReference>
    <DCCReference Include="..\Controller\uAlunoControll.pas'">
      <Form>$R *.RES</Form>
    </DCCReference>
    <DCCReference Include="..\Controller\uAlunoControlle.pas'">
      <Form>$R *.RES</Form>
    </DCCReference>
    <DCCReference Include="..\controller\uAlunoController.pas" />
    <DCCReference Include="..\Controller\uAlunoController.pas'">
      <Form>$R *.RES</Form>
    </DCCReference>
    <DCCReference Include="..\Controller\uC.pas'">
      <Form>$R *.RES</Form>
    </DCCReference>
    <DCCReference Include="..\Controller\uCa.pas'">
      <Form>$R *.RES</Form>
    </DCCReference>
    <DCCReference Include="..\Controller\uCad.pas'">
      <Form>$R *.RES</Form>
    </DCCReference>
    <DCCReference Include="..\Controller\uCada.pas'">
      <Form>$R *.RES</Form>
    </DCCReference>
    <DCCReference Include="..\Controller\uCadas.pas'">
      <Form>$R *.RES</Form>
    </DCCReference>
    <DCCReference Include="..\Controller\uCadast.pas'">
      <Form>$R *.RES</Form>
    </DCCReference>
    <DCCReference Include="..\Controller\uCadastr.pas'">
      <Form>$R *.RES</Form>
    </DCCReference>
    <DCCReference Include="..\Controller\uCadastro.pas'">
      <Form>$R *.RES</Form>
    </DCCReference>
    <DCCReference Include="..\Controller\uCadastroA.pas'">
      <Form>$R *.RES</Form>
    </DCCReference>
    <DCCReference Include="..\Controller\uCadastroAl.pas'">
      <Form>$R *.RES</Form>
    </DCCReference>
    <DCCReference Include="..\Controller\uCadastroAlu.pas'">
      <Form>$R *.RES</Form>
    </DCCReference>
    <DCCReference Include="..\Controller\uCadastroAlun.pas'">
      <Form>$R *.RES</Form>
    </DCCReference>
    <DCCReference Include="..\Controller\uCadastroAluno.pas'">
      <Form>$R *.RES</Form>
    </DCCReference>
    <DCCReference Include="..\controller\uPessoaController.pas" />
    <DCCReference Include="..\Controlle\uCadastroAluno.pas'">
      <Form>$R *.RES</Form>
    </DCCReference>
    <DCCReference Include="..\Controll\uCadastroAluno.pas'">
      <Form>$R *.RES</Form>
    </DCCReference>
    <DCCReference Include="..\Control\uCadastroAluno.pas'">
      <Form>$R *.RES</Form>
    </DCCReference>
    <DCCReference Include="..\Contro\uCadastroAluno.pas'">
      <Form>$R *.RES</Form>
    </DCCReference>
    <DCCReference Include="..\Contr\uCadastroAluno.pas'">
      <Form>$R *.RES</Form>
    </DCCReference>
    <DCCReference Include="..\Cont\uCadastroAluno.pas'">
      <Form>$R *.RES</Form>
    </DCCReference>
    <DCCReference Include="..\Con\uCadastroAluno.pas'">
      <Form>$R *.RES</Form>
    </DCCReference>
    <DCCReference Include="..\Co\uCadastroAluno.pas'">
      <Form>$R *.RES</Form>
    </DCCReference>
    <DCCReference Include="..\C\uCadastroAluno.pas'">
      <Form>$R *.RES</Form>
    </DCCReference>
    <DCCReference Include="..\dao\uDmAluno.pas">
      <Form>DmAluno</Form>
      <DesignClass>TDataModule</DesignClass>
    </DCCReference>
    <DCCReference Include="..\dao\uDmConexao.pas">
      <Form>DmConexao</Form>
      <DesignClass>TDataModule</DesignClass>
    </DCCReference>
    <DCCReference Include="..\dao\uDmPessoa.pas">
      <Form>DataModulePessoa</Form>
      <DesignClass>TDataModule</DesignClass>
    </DCCReference>
    <DCCReference Include="..\model\uAlunoModel.pas" />
    <DCCReference Include="..\model\uPessoaModel.pas" />
    <DCCReference Include="..\view\uCadastro.pas">
      <Form>Cadastro</Form>
    </DCCReference>
    <DCCReference Include="..\view\uCadastroAluno.pas" />
    <DCCReference Include="..\view\uCadastroAluno.pas'">
      <Form>$R *.RES</Form>
    </DCCReference>
    <DCCReference Include="TestuAlunoController.pas" />
  </ItemGroup>
</Project>